
Microsoft Visual Studio Solution File, Format Version 12.00
# Visual Studio Version 16
VisualStudioVersion = 16.0.31229.75
MinimumVisualStudioVersion = 10.0.40219.1
Project("{8BC9CEB8-8B4A-11D0-8D11-00A0C91BC942}") = "MeteoWizard", "MeteoWizard.vcxproj", "{0A5972D4-04AC-309E-9E42-6A72800D07FF}"
EndProject
Project("{930C7802-8A8C-48F9-8165-68863BCCD9DD}") = "Wix_Setup", "Wix_Setup\Wix_Setup.wixproj", "{DD0B9370-D2DE-4A00-8E10-2A386CEDD51B}"
EndProject
Global
	GlobalSection(SolutionConfigurationPlatforms) = preSolution
		Debug|x64 = Debug|x64
		Debug|x86 = Debug|x86
		Release|x64 = Release|x64
		Release|x86 = Release|x86
	EndGlobalSection
	GlobalSection(ProjectConfigurationPlatforms) = postSolution
		{0A5972D4-04AC-309E-9E42-6A72800D07FF}.Debug|x64.ActiveCfg = Debug|x64
		{0A5972D4-04AC-309E-9E42-6A72800D07FF}.Debug|x64.Build.0 = Debug|x64
		{0A5972D4-04AC-309E-9E42-6A72800D07FF}.Debug|x86.ActiveCfg = Debug|x64
		{0A5972D4-04AC-309E-9E42-6A72800D07FF}.Release|x64.ActiveCfg = Release|x64
		{0A5972D4-04AC-309E-9E42-6A72800D07FF}.Release|x64.Build.0 = Release|x64
		{0A5972D4-04AC-309E-9E42-6A72800D07FF}.Release|x86.ActiveCfg = Release|x64
		{DD0B9370-D2DE-4A00-8E10-2A386CEDD51B}.Debug|x64.ActiveCfg = Debug|x86
		{DD0B9370-D2DE-4A00-8E10-2A386CEDD51B}.Debug|x86.ActiveCfg = Debug|x86
		{DD0B9370-D2DE-4A00-8E10-2A386CEDD51B}.Debug|x86.Build.0 = Debug|x86
		{DD0B9370-D2DE-4A00-8E10-2A386CEDD51B}.Release|x64.ActiveCfg = Release|x64
		{DD0B9370-D2DE-4A00-8E10-2A386CEDD51B}.Release|x86.ActiveCfg = Release|x86
		{DD0B9370-D2DE-4A00-8E10-2A386CEDD51B}.Release|x86.Build.0 = Release|x86
	EndGlobalSection
	GlobalSection(SolutionProperties) = preSolution
		HideSolutionNode = FALSE
	EndGlobalSection
	GlobalSection(ExtensibilityGlobals) = postSolution
		SolutionGuid = {5C7EC68F-E28A-4696-8B22-DE4F16DB1AA4}
	EndGlobalSection
EndGlobal
